
Microsoft Visual Studio Solution File, Format Version 12.00
# Visual Studio Version 16
VisualStudioVersion = 16.0.32228.343
MinimumVisualStudioVersion = 10.0.40219.1
Project("{FAE04EC0-301F-11D3-BF4B-00C04F79EFBC}") = "MSFT.XrmToolboxPlugin.ProjOps.ScheduleAPITesting", "MSFT.XrmToolboxPlugins.ProjOps.ScheduleAPITesting\MSFT.XrmToolboxPlugin.ProjOps.ScheduleAPITesting.csproj", "{22448BFE-3322-4803-9DFC-43AB2FE82D5B}"
EndProject
Global
	GlobalSection(SolutionConfigurationPlatforms) = preSolution
		Debug|Any CPU = Debug|Any CPU
		Release|Any CPU = Release|Any CPU
	EndGlobalSection
	GlobalSection(ProjectConfigurationPlatforms) = postSolution
		{22448BFE-3322-4803-9DFC-43AB2FE82D5B}.Debug|Any CPU.ActiveCfg = Debug|Any CPU
		{22448BFE-3322-4803-9DFC-43AB2FE82D5B}.Debug|Any CPU.Build.0 = Debug|Any CPU
		{22448BFE-3322-4803-9DFC-43AB2FE82D5B}.Release|Any CPU.ActiveCfg = Release|Any CPU
		{22448BFE-3322-4803-9DFC-43AB2FE82D5B}.Release|Any CPU.Build.0 = Release|Any CPU
	EndGlobalSection
	GlobalSection(SolutionProperties) = preSolution
		HideSolutionNode = FALSE
	EndGlobalSection
	GlobalSection(ExtensibilityGlobals) = postSolution
		SolutionGuid = {6BA9AE37-51EB-4540-9525-4E78C243D530}
	EndGlobalSection
EndGlobal
